
Microsoft Visual Studio Solution File, Format Version 12.00
# Visual Studio 15
VisualStudioVersion = 15.0.28307.271
MinimumVisualStudioVersion = 10.0.40219.1
Project("{FAE04EC0-301F-11D3-BF4B-00C04F79EFBC}") = "TabbedViewApp.Android", "TabbedViewApp\TabbedViewApp.Android\TabbedViewApp.Android.csproj", "{BE431FC1-148A-4117-A18A-E46A40B07669}"
EndProject
Project("{FAE04EC0-301F-11D3-BF4B-00C04F79EFBC}") = "TabbedViewApp.iOS", "TabbedViewApp\TabbedViewApp.iOS\TabbedViewApp.iOS.csproj", "{EBBAC166-EFF1-4587-AE62-F8E2A0140B50}"
EndProject
Project("{FAE04EC0-301F-11D3-BF4B-00C04F79EFBC}") = "TabbedViewApp", "TabbedViewApp\TabbedViewApp\TabbedViewApp.csproj", "{61329439-8F12-4BF3-A49F-DBA9CE22B049}"
EndProject
Global
	GlobalSection(SolutionConfigurationPlatforms) = preSolution
		Ad-Hoc|Any CPU = Ad-Hoc|Any CPU
		Ad-Hoc|iPhone = Ad-Hoc|iPhone
		Ad-Hoc|iPhoneSimulator = Ad-Hoc|iPhoneSimulator
		AppStore|Any CPU = AppStore|Any CPU
		AppStore|iPhone = AppStore|iPhone
		AppStore|iPhoneSimulator = AppStore|iPhoneSimulator
		Debug|Any CPU = Debug|Any CPU
		Debug|iPhone = Debug|iPhone
		Debug|iPhoneSimulator = Debug|iPhoneSimulator
		Release|Any CPU = Release|Any CPU
		Release|iPhone = Release|iPhone
		Release|iPhoneSimulator = Release|iPhoneSimulator
	EndGlobalSection
	GlobalSection(ProjectConfigurationPlatforms) = postSolution
		{BE431FC1-148A-4117-A18A-E46A40B07669}.Ad-Hoc|Any CPU.ActiveCfg = Release|Any CPU
		{BE431FC1-148A-4117-A18A-E46A40B07669}.Ad-Hoc|Any CPU.Build.0 = Release|Any CPU
		{BE431FC1-148A-4117-A18A-E46A40B07669}.Ad-Hoc|Any CPU.Deploy.0 = Release|Any CPU
		{BE431FC1-148A-4117-A18A-E46A40B07669}.Ad-Hoc|iPhone.ActiveCfg = Release|Any CPU
		{BE431FC1-148A-4117-A18A-E46A40B07669}.Ad-Hoc|iPhone.Build.0 = Release|Any CPU
		{BE431FC1-148A-4117-A18A-E46A40B07669}.Ad-Hoc|iPhone.Deploy.0 = Release|Any CPU
		{BE431FC1-148A-4117-A18A-E46A40B07669}.Ad-Hoc|iPhoneSimulator.ActiveCfg = Release|Any CPU
		{BE431FC1-148A-4117-A18A-E46A40B07669}.Ad-Hoc|iPhoneSimulator.Build.0 = Release|Any CPU
		{BE431FC1-148A-4117-A18A-E46A40B07669}.Ad-Hoc|iPhoneSimulator.Deploy.0 = Release|Any CPU
		{BE431FC1-148A-4117-A18A-E46A40B07669}.AppStore|Any CPU.ActiveCfg = Release|Any CPU
		{BE431FC1-148A-4117-A18A-E46A40B07669}.AppStore|Any CPU.Build.0 = Release|Any CPU
		{BE431FC1-148A-4117-A18A-E46A40B07669}.AppStore|Any CPU.Deploy.0 = Release|Any CPU
		{BE431FC1-148A-4117-A18A-E46A40B07669}.AppStore|iPhone.ActiveCfg = Release|Any CPU
		{BE431FC1-148A-4117-A18A-E46A40B07669}.AppStore|iPhone.Build.0 = Release|Any CPU
		{BE431FC1-148A-4117-A18A-E46A40B07669}.AppStore|iPhone.Deploy.0 = Release|Any CPU
		{BE431FC1-148A-4117-A18A-E46A40B07669}.AppStore|iPhoneSimulator.ActiveCfg = Release|Any CPU
		{BE431FC1-148A-4117-A18A-E46A40B07669}.AppStore|iPhoneSimulator.Build.0 = Release|Any CPU
		{BE431FC1-148A-4117-A18A-E46A40B07669}.AppStore|iPhoneSimulator.Deploy.0 = Release|Any CPU
		{BE431FC1-148A-4117-A18A-E46A40B07669}.Debug|Any CPU.ActiveCfg = Debug|Any CPU
		{BE431FC1-148A-4117-A18A-E46A40B07669}.Debug|Any CPU.Build.0 = Debug|Any CPU
		{BE431FC1-148A-4117-A18A-E46A40B07669}.Debug|Any CPU.Deploy.0 = Debug|Any CPU
		{BE431FC1-148A-4117-A18A-E46A40B07669}.Debug|iPhone.ActiveCfg = Debug|Any CPU
		{BE431FC1-148A-4117-A18A-E46A40B07669}.Debug|iPhone.Build.0 = Debug|Any CPU
		{BE431FC1-148A-4117-A18A-E46A40B07669}.Debug|iPhone.Deploy.0 = Debug|Any CPU
		{BE431FC1-148A-4117-A18A-E46A40B07669}.Debug|iPhoneSimulator.ActiveCfg = Debug|Any CPU
		{BE431FC1-148A-4117-A18A-E46A40B07669}.Debug|iPhoneSimulator.Build.0 = Debug|Any CPU
		{BE431FC1-148A-4117-A18A-E46A40B07669}.Debug|iPhoneSimulator.Deploy.0 = Debug|Any CPU
		{BE431FC1-148A-4117-A18A-E46A40B07669}.Release|Any CPU.ActiveCfg = Release|Any CPU
		{BE431FC1-148A-4117-A18A-E46A40B07669}.Release|Any CPU.Build.0 = Release|Any CPU
		{BE431FC1-148A-4117-A18A-E46A40B07669}.Release|Any CPU.Deploy.0 = Release|Any CPU
		{BE431FC1-148A-4117-A18A-E46A40B07669}.Release|iPhone.ActiveCfg = Release|Any CPU
		{BE431FC1-148A-4117-A18A-E46A40B07669}.Release|iPhone.Build.0 = Release|Any CPU
		{BE431FC1-148A-4117-A18A-E46A40B07669}.Release|iPhone.Deploy.0 = Release|Any CPU
		{BE431FC1-148A-4117-A18A-E46A40B07669}.Release|iPhoneSimulator.ActiveCfg = Release|Any CPU
		{BE431FC1-148A-4117-A18A-E46A40B07669}.Release|iPhoneSimulator.Build.0 = Release|Any CPU
		{BE431FC1-148A-4117-A18A-E46A40B07669}.Release|iPhoneSimulator.Deploy.0 = Release|Any CPU
		{EBBAC166-EFF1-4587-AE62-F8E2A0140B50}.Ad-Hoc|Any CPU.ActiveCfg = Ad-Hoc|iPhone
		{EBBAC166-EFF1-4587-AE62-F8E2A0140B50}.Ad-Hoc|Any CPU.Build.0 = Ad-Hoc|iPhone
		{EBBAC166-EFF1-4587-AE62-F8E2A0140B50}.Ad-Hoc|Any CPU.Deploy.0 = Ad-Hoc|iPhone
		{EBBAC166-EFF1-4587-AE62-F8E2A0140B50}.Ad-Hoc|iPhone.ActiveCfg = Ad-Hoc|iPhone
		{EBBAC166-EFF1-4587-AE62-F8E2A0140B50}.Ad-Hoc|iPhone.Build.0 = Ad-Hoc|iPhone
		{EBBAC166-EFF1-4587-AE62-F8E2A0140B50}.Ad-Hoc|iPhone.Deploy.0 = Ad-Hoc|iPhone
		{EBBAC166-EFF1-4587-AE62-F8E2A0140B50}.Ad-Hoc|iPhoneSimulator.ActiveCfg = Ad-Hoc|iPhoneSimulator
		{EBBAC166-EFF1-4587-AE62-F8E2A0140B50}.Ad-Hoc|iPhoneSimulator.Build.0 = Ad-Hoc|iPhoneSimulator
		{EBBAC166-EFF1-4587-AE62-F8E2A0140B50}.Ad-Hoc|iPhoneSimulator.Deploy.0 = Ad-Hoc|iPhoneSimulator
		{EBBAC166-EFF1-4587-AE62-F8E2A0140B50}.AppStore|Any CPU.ActiveCfg = AppStore|iPhone
		{EBBAC166-EFF1-4587-AE62-F8E2A0140B50}.AppStore|Any CPU.Build.0 = AppStore|iPhone
		{EBBAC166-EFF1-4587-AE62-F8E2A0140B50}.AppStore|Any CPU.Deploy.0 = AppStore|iPhone
		{EBBAC166-EFF1-4587-AE62-F8E2A0140B50}.AppStore|iPhone.ActiveCfg = AppStore|iPhone
		{EBBAC166-EFF1-4587-AE62-F8E2A0140B50}.AppStore|iPhone.Build.0 = AppStore|iPhone
		{EBBAC166-EFF1-4587-AE62-F8E2A0140B50}.AppStore|iPhone.Deploy.0 = AppStore|iPhone
		{EBBAC166-EFF1-4587-AE62-F8E2A0140B50}.AppStore|iPhoneSimulator.ActiveCfg = AppStore|iPhoneSimulator
		{EBBAC166-EFF1-4587-AE62-F8E2A0140B50}.AppStore|iPhoneSimulator.Build.0 = AppStore|iPhoneSimulator
		{EBBAC166-EFF1-4587-AE62-F8E2A0140B50}.AppStore|iPhoneSimulator.Deploy.0 = AppStore|iPhoneSimulator
		{EBBAC166-EFF1-4587-AE62-F8E2A0140B50}.Debug|Any CPU.ActiveCfg = Debug|iPhoneSimulator
		{EBBAC166-EFF1-4587-AE62-F8E2A0140B50}.Debug|Any CPU.Build.0 = Debug|iPhoneSimulator
		{EBBAC166-EFF1-4587-AE62-F8E2A0140B50}.Debug|Any CPU.Deploy.0 = Debug|iPhoneSimulator
		{EBBAC166-EFF1-4587-AE62-F8E2A0140B50}.Debug|iPhone.ActiveCfg = Debug|iPhone
		{EBBAC166-EFF1-4587-AE62-F8E2A0140B50}.Debug|iPhone.Build.0 = Debug|iPhone
		{EBBAC166-EFF1-4587-AE62-F8E2A0140B50}.Debug|iPhone.Deploy.0 = Debug|iPhone
		{EBBAC166-EFF1-4587-AE62-F8E2A0140B50}.Debug|iPhoneSimulator.ActiveCfg = Debug|iPhoneSimulator
		{EBBAC166-EFF1-4587-AE62-F8E2A0140B50}.Debug|iPhoneSimulator.Build.0 = Debug|iPhoneSimulator
		{EBBAC166-EFF1-4587-AE62-F8E2A0140B50}.Debug|iPhoneSimulator.Deploy.0 = Debug|iPhoneSimulator
		{EBBAC166-EFF1-4587-AE62-F8E2A0140B50}.Release|Any CPU.ActiveCfg = Release|iPhone
		{EBBAC166-EFF1-4587-AE62-F8E2A0140B50}.Release|Any CPU.Build.0 = Release|iPhone
		{EBBAC166-EFF1-4587-AE62-F8E2A0140B50}.Release|Any CPU.Deploy.0 = Release|iPhone
		{EBBAC166-EFF1-4587-AE62-F8E2A0140B50}.Release|iPhone.ActiveCfg = Release|iPhone
		{EBBAC166-EFF1-4587-AE62-F8E2A0140B50}.Release|iPhone.Build.0 = Release|iPhone
		{EBBAC166-EFF1-4587-AE62-F8E2A0140B50}.Release|iPhone.Deploy.0 = Release|iPhone
		{EBBAC166-EFF1-4587-AE62-F8E2A0140B50}.Release|iPhoneSimulator.ActiveCfg = Release|iPhoneSimulator
		{EBBAC166-EFF1-4587-AE62-F8E2A0140B50}.Release|iPhoneSimulator.Build.0 = Release|iPhoneSimulator
		{EBBAC166-EFF1-4587-AE62-F8E2A0140B50}.Release|iPhoneSimulator.Deploy.0 = Release|iPhoneSimulator
		{61329439-8F12-4BF3-A49F-DBA9CE22B049}.Ad-Hoc|Any CPU.ActiveCfg = Debug|Any CPU
		{61329439-8F12-4BF3-A49F-DBA9CE22B049}.Ad-Hoc|Any CPU.Build.0 = Debug|Any CPU
		{61329439-8F12-4BF3-A49F-DBA9CE22B049}.Ad-Hoc|Any CPU.Deploy.0 = Debug|Any CPU
		{61329439-8F12-4BF3-A49F-DBA9CE22B049}.Ad-Hoc|iPhone.ActiveCfg = Debug|Any CPU
		{61329439-8F12-4BF3-A49F-DBA9CE22B049}.Ad-Hoc|iPhone.Build.0 = Debug|Any CPU
		{61329439-8F12-4BF3-A49F-DBA9CE22B049}.Ad-Hoc|iPhone.Deploy.0 = Debug|Any CPU
		{61329439-8F12-4BF3-A49F-DBA9CE22B049}.Ad-Hoc|iPhoneSimulator.ActiveCfg = Debug|Any CPU
		{61329439-8F12-4BF3-A49F-DBA9CE22B049}.Ad-Hoc|iPhoneSimulator.Build.0 = Debug|Any CPU
		{61329439-8F12-4BF3-A49F-DBA9CE22B049}.Ad-Hoc|iPhoneSimulator.Deploy.0 = Debug|Any CPU
		{61329439-8F12-4BF3-A49F-DBA9CE22B049}.AppStore|Any CPU.ActiveCfg = Debug|Any CPU
		{61329439-8F12-4BF3-A49F-DBA9CE22B049}.AppStore|Any CPU.Build.0 = Debug|Any CPU
		{61329439-8F12-4BF3-A49F-DBA9CE22B049}.AppStore|Any CPU.Deploy.0 = Debug|Any CPU
		{61329439-8F12-4BF3-A49F-DBA9CE22B049}.AppStore|iPhone.ActiveCfg = Debug|Any CPU
		{61329439-8F12-4BF3-A49F-DBA9CE22B049}.AppStore|iPhone.Build.0 = Debug|Any CPU
		{61329439-8F12-4BF3-A49F-DBA9CE22B049}.AppStore|iPhone.Deploy.0 = Debug|Any CPU
		{61329439-8F12-4BF3-A49F-DBA9CE22B049}.AppStore|iPhoneSimulator.ActiveCfg = Debug|Any CPU
		{61329439-8F12-4BF3-A49F-DBA9CE22B049}.AppStore|iPhoneSimulator.Build.0 = Debug|Any CPU
		{61329439-8F12-4BF3-A49F-DBA9CE22B049}.AppStore|iPhoneSimulator.Deploy.0 = Debug|Any CPU
		{61329439-8F12-4BF3-A49F-DBA9CE22B049}.Debug|Any CPU.ActiveCfg = Debug|Any CPU
		{61329439-8F12-4BF3-A49F-DBA9CE22B049}.Debug|Any CPU.Build.0 = Debug|Any CPU
		{61329439-8F12-4BF3-A49F-DBA9CE22B049}.Debug|Any CPU.Deploy.0 = Debug|Any CPU
		{61329439-8F12-4BF3-A49F-DBA9CE22B049}.Debug|iPhone.ActiveCfg = Debug|Any CPU
		{61329439-8F12-4BF3-A49F-DBA9CE22B049}.Debug|iPhone.Build.0 = Debug|Any CPU
		{61329439-8F12-4BF3-A49F-DBA9CE22B049}.Debug|iPhone.Deploy.0 = Debug|Any CPU
		{61329439-8F12-4BF3-A49F-DBA9CE22B049}.Debug|iPhoneSimulator.ActiveCfg = Debug|Any CPU
		{61329439-8F12-4BF3-A49F-DBA9CE22B049}.Debug|iPhoneSimulator.Build.0 = Debug|Any CPU
		{61329439-8F12-4BF3-A49F-DBA9CE22B049}.Debug|iPhoneSimulator.Deploy.0 = Debug|Any CPU
		{61329439-8F12-4BF3-A49F-DBA9CE22B049}.Release|Any CPU.ActiveCfg = Release|Any CPU
		{61329439-8F12-4BF3-A49F-DBA9CE22B049}.Release|Any CPU.Build.0 = Release|Any CPU
		{61329439-8F12-4BF3-A49F-DBA9CE22B049}.Release|Any CPU.Deploy.0 = Release|Any CPU
		{61329439-8F12-4BF3-A49F-DBA9CE22B049}.Release|iPhone.ActiveCfg = Release|Any CPU
		{61329439-8F12-4BF3-A49F-DBA9CE22B049}.Release|iPhone.Build.0 = Release|Any CPU
		{61329439-8F12-4BF3-A49F-DBA9CE22B049}.Release|iPhone.Deploy.0 = Release|Any CPU
		{61329439-8F12-4BF3-A49F-DBA9CE22B049}.Release|iPhoneSimulator.ActiveCfg = Release|Any CPU
		{61329439-8F12-4BF3-A49F-DBA9CE22B049}.Release|iPhoneSimulator.Build.0 = Release|Any CPU
		{61329439-8F12-4BF3-A49F-DBA9CE22B049}.Release|iPhoneSimulator.Deploy.0 = Release|Any CPU
	EndGlobalSection
	GlobalSection(SolutionProperties) = preSolution
		HideSolutionNode = FALSE
	EndGlobalSection
	GlobalSection(ExtensibilityGlobals) = postSolution
		SolutionGuid = {7C1BFABD-11DE-43CA-B70E-9B7843602DCD}
	EndGlobalSection
EndGlobal
